
Microsoft Visual Studio Solution File, Format Version 12.00
# Visual Studio Version 17
VisualStudioVersion = 17.10.35122.118
MinimumVisualStudioVersion = 10.0.40219.1
Project("{2150E333-8FDC-42A3-9474-1A3956D46DE8}") = "ShopManagement", "ShopManagement", "{7AD51D27-557F-4C50-8991-4CD5FDF9BEC9}"
EndProject
Project("{2150E333-8FDC-42A3-9474-1A3956D46DE8}") = "01-SM.Domain", "01-SM.Domain", "{3915B656-CCD2-49EF-8E6E-A82F9A77D71D}"
EndProject
Project("{9A19103F-16F7-4668-BE54-9A1E7A4F7556}") = "SM.Domain", "SM.Domain\SM.Domain.csproj", "{A0749999-7B4B-4613-B222-93DD209E6A38}"
EndProject
Project("{9A19103F-16F7-4668-BE54-9A1E7A4F7556}") = "0-Framework", "0-Framework\0-Framework.csproj", "{B3CEAAEE-5669-46F2-9090-8480ADB1E9CA}"
EndProject
Project("{2150E333-8FDC-42A3-9474-1A3956D46DE8}") = "02-SM.Application", "02-SM.Application", "{0AAEB1EF-04ED-4E35-A311-B35AD592884E}"
EndProject
Project("{9A19103F-16F7-4668-BE54-9A1E7A4F7556}") = "SM.Application", "SM.Application\SM.Application.csproj", "{B3179CA7-6A9A-45B2-889A-CAA07EBF6C94}"
EndProject
Project("{9A19103F-16F7-4668-BE54-9A1E7A4F7556}") = "SM.ApplicationContracts", "SM.ApplicationContracts\SM.ApplicationContracts.csproj", "{31DEC29F-01D3-4A5E-84AB-1C759BAE4974}"
EndProject
Project("{2150E333-8FDC-42A3-9474-1A3956D46DE8}") = "03-SM.Infrastructure", "03-SM.Infrastructure", "{D3CFB944-CA3F-41FE-9494-D161B3EB690B}"
EndProject
Project("{9A19103F-16F7-4668-BE54-9A1E7A4F7556}") = "SM.Infrastructure.EFCore", "SM.Infrastructure\SM.Infrastructure.EFCore.csproj", "{C1147793-D26F-4CB3-9AB6-BA2435FE5003}"
EndProject
Project("{2150E333-8FDC-42A3-9474-1A3956D46DE8}") = "04-SM.Presentation", "04-SM.Presentation", "{01CE9F2F-F81F-4EF3-A5B5-69887163673C}"
EndProject
Project("{9A19103F-16F7-4668-BE54-9A1E7A4F7556}") = "SM.LampShade", "SM.LampShade\SM.LampShade.csproj", "{021FB9F0-9926-4026-942B-77556680114A}"
EndProject
Global
	GlobalSection(SolutionConfigurationPlatforms) = preSolution
		Debug|Any CPU = Debug|Any CPU
		Release|Any CPU = Release|Any CPU
	EndGlobalSection
	GlobalSection(ProjectConfigurationPlatforms) = postSolution
		{A0749999-7B4B-4613-B222-93DD209E6A38}.Debug|Any CPU.ActiveCfg = Debug|Any CPU
		{A0749999-7B4B-4613-B222-93DD209E6A38}.Debug|Any CPU.Build.0 = Debug|Any CPU
		{A0749999-7B4B-4613-B222-93DD209E6A38}.Release|Any CPU.ActiveCfg = Release|Any CPU
		{A0749999-7B4B-4613-B222-93DD209E6A38}.Release|Any CPU.Build.0 = Release|Any CPU
		{B3CEAAEE-5669-46F2-9090-8480ADB1E9CA}.Debug|Any CPU.ActiveCfg = Debug|Any CPU
		{B3CEAAEE-5669-46F2-9090-8480ADB1E9CA}.Debug|Any CPU.Build.0 = Debug|Any CPU
		{B3CEAAEE-5669-46F2-9090-8480ADB1E9CA}.Release|Any CPU.ActiveCfg = Release|Any CPU
		{B3CEAAEE-5669-46F2-9090-8480ADB1E9CA}.Release|Any CPU.Build.0 = Release|Any CPU
		{B3179CA7-6A9A-45B2-889A-CAA07EBF6C94}.Debug|Any CPU.ActiveCfg = Debug|Any CPU
		{B3179CA7-6A9A-45B2-889A-CAA07EBF6C94}.Debug|Any CPU.Build.0 = Debug|Any CPU
		{B3179CA7-6A9A-45B2-889A-CAA07EBF6C94}.Release|Any CPU.ActiveCfg = Release|Any CPU
		{B3179CA7-6A9A-45B2-889A-CAA07EBF6C94}.Release|Any CPU.Build.0 = Release|Any CPU
		{31DEC29F-01D3-4A5E-84AB-1C759BAE4974}.Debug|Any CPU.ActiveCfg = Debug|Any CPU
		{31DEC29F-01D3-4A5E-84AB-1C759BAE4974}.Debug|Any CPU.Build.0 = Debug|Any CPU
		{31DEC29F-01D3-4A5E-84AB-1C759BAE4974}.Release|Any CPU.ActiveCfg = Release|Any CPU
		{31DEC29F-01D3-4A5E-84AB-1C759BAE4974}.Release|Any CPU.Build.0 = Release|Any CPU
		{C1147793-D26F-4CB3-9AB6-BA2435FE5003}.Debug|Any CPU.ActiveCfg = Debug|Any CPU
		{C1147793-D26F-4CB3-9AB6-BA2435FE5003}.Debug|Any CPU.Build.0 = Debug|Any CPU
		{C1147793-D26F-4CB3-9AB6-BA2435FE5003}.Release|Any CPU.ActiveCfg = Release|Any CPU
		{C1147793-D26F-4CB3-9AB6-BA2435FE5003}.Release|Any CPU.Build.0 = Release|Any CPU
		{021FB9F0-9926-4026-942B-77556680114A}.Debug|Any CPU.ActiveCfg = Debug|Any CPU
		{021FB9F0-9926-4026-942B-77556680114A}.Debug|Any CPU.Build.0 = Debug|Any CPU
		{021FB9F0-9926-4026-942B-77556680114A}.Release|Any CPU.ActiveCfg = Release|Any CPU
		{021FB9F0-9926-4026-942B-77556680114A}.Release|Any CPU.Build.0 = Release|Any CPU
	EndGlobalSection
	GlobalSection(SolutionProperties) = preSolution
		HideSolutionNode = FALSE
	EndGlobalSection
	GlobalSection(NestedProjects) = preSolution
		{3915B656-CCD2-49EF-8E6E-A82F9A77D71D} = {7AD51D27-557F-4C50-8991-4CD5FDF9BEC9}
		{A0749999-7B4B-4613-B222-93DD209E6A38} = {3915B656-CCD2-49EF-8E6E-A82F9A77D71D}
		{0AAEB1EF-04ED-4E35-A311-B35AD592884E} = {7AD51D27-557F-4C50-8991-4CD5FDF9BEC9}
		{B3179CA7-6A9A-45B2-889A-CAA07EBF6C94} = {0AAEB1EF-04ED-4E35-A311-B35AD592884E}
		{31DEC29F-01D3-4A5E-84AB-1C759BAE4974} = {0AAEB1EF-04ED-4E35-A311-B35AD592884E}
		{D3CFB944-CA3F-41FE-9494-D161B3EB690B} = {7AD51D27-557F-4C50-8991-4CD5FDF9BEC9}
		{C1147793-D26F-4CB3-9AB6-BA2435FE5003} = {D3CFB944-CA3F-41FE-9494-D161B3EB690B}
		{01CE9F2F-F81F-4EF3-A5B5-69887163673C} = {7AD51D27-557F-4C50-8991-4CD5FDF9BEC9}
		{021FB9F0-9926-4026-942B-77556680114A} = {01CE9F2F-F81F-4EF3-A5B5-69887163673C}
	EndGlobalSection
	GlobalSection(ExtensibilityGlobals) = postSolution
		SolutionGuid = {83A8347A-2A2A-4B06-9F22-B77EACFDA355}
	EndGlobalSection
EndGlobal
