
Microsoft Visual Studio Solution File, Format Version 12.00
# Visual Studio Version 17
VisualStudioVersion = 17.10.35122.118
MinimumVisualStudioVersion = 10.0.40219.1
Project("{2150E333-8FDC-42A3-9474-1A3956D46DE8}") = "ShopManagement", "ShopManagement", "{7AD51D27-557F-4C50-8991-4CD5FDF9BEC9}"
EndProject
Project("{2150E333-8FDC-42A3-9474-1A3956D46DE8}") = "01-SM.Domain", "01-SM.Domain", "{3915B656-CCD2-49EF-8E6E-A82F9A77D71D}"
EndProject
Project("{9A19103F-16F7-4668-BE54-9A1E7A4F7556}") = "SM.Domain", "SM.Domain\SM.Domain.csproj", "{A0749999-7B4B-4613-B222-93DD209E6A38}"
EndProject
Project("{9A19103F-16F7-4668-BE54-9A1E7A4F7556}") = "0-Framework", "0-Framework\0-Framework.csproj", "{B3CEAAEE-5669-46F2-9090-8480ADB1E9CA}"
EndProject
Project("{2150E333-8FDC-42A3-9474-1A3956D46DE8}") = "02-SM.Application", "02-SM.Application", "{0AAEB1EF-04ED-4E35-A311-B35AD592884E}"
EndProject
Project("{9A19103F-16F7-4668-BE54-9A1E7A4F7556}") = "SM.Application", "SM.Application\SM.Application.csproj", "{B3179CA7-6A9A-45B2-889A-CAA07EBF6C94}"
EndProject
Project("{9A19103F-16F7-4668-BE54-9A1E7A4F7556}") = "SM.ApplicationContracts", "SM.ApplicationContracts\SM.ApplicationContracts.csproj", "{31DEC29F-01D3-4A5E-84AB-1C759BAE4974}"
EndProject
Project("{2150E333-8FDC-42A3-9474-1A3956D46DE8}") = "03-SM.Infrastructure", "03-SM.Infrastructure", "{D3CFB944-CA3F-41FE-9494-D161B3EB690B}"
EndProject
Project("{9A19103F-16F7-4668-BE54-9A1E7A4F7556}") = "SM.Infrastructure.EFCore", "SM.Infrastructure\SM.Infrastructure.EFCore.csproj", "{C1147793-D26F-4CB3-9AB6-BA2435FE5003}"
EndProject
Project("{2150E333-8FDC-42A3-9474-1A3956D46DE8}") = "04-SM.Presentation", "04-SM.Presentation", "{01CE9F2F-F81F-4EF3-A5B5-69887163673C}"
EndProject
Project("{9A19103F-16F7-4668-BE54-9A1E7A4F7556}") = "SM.LampShade", "SM.LampShade\SM.LampShade.csproj", "{021FB9F0-9926-4026-942B-77556680114A}"
EndProject
Project("{9A19103F-16F7-4668-BE54-9A1E7A4F7556}") = "01_LampShadeQuery", "01_LampShadeQuery\01_LampShadeQuery.csproj", "{34F0A2FC-00F4-4EF0-BBA9-BB6DCA347B0A}"
EndProject
Project("{2150E333-8FDC-42A3-9474-1A3956D46DE8}") = "DiscountManagement", "DiscountManagement", "{1189FE78-0E8A-4453-8FCF-BBD4BBA48563}"
EndProject
Project("{2150E333-8FDC-42A3-9474-1A3956D46DE8}") = "01-DM.Domain", "01-DM.Domain", "{A8467F50-2DD3-4371-935F-2EB1164C8202}"
EndProject
Project("{9A19103F-16F7-4668-BE54-9A1E7A4F7556}") = "DiscountManagement.Domain", "DiscountManagement.Domain\DiscountManagement.Domain.csproj", "{E7353193-7E15-4778-9FF0-15E39C324E32}"
EndProject
Project("{2150E333-8FDC-42A3-9474-1A3956D46DE8}") = "02-DM.Application", "02-DM.Application", "{12BC96C1-DC02-4CC6-A416-FE8981499920}"
EndProject
Project("{9A19103F-16F7-4668-BE54-9A1E7A4F7556}") = "DiscountManagement.Application.Contracts", "DiscountManagement.Application.Contracts\DiscountManagement.Application.Contracts.csproj", "{AB07F576-7D73-49A3-A001-75E835B7189A}"
EndProject
Project("{9A19103F-16F7-4668-BE54-9A1E7A4F7556}") = "DiscountManagement.Application", "DiscountManagement.Application\DiscountManagement.Application.csproj", "{0DC9D1FA-202D-4B6D-A1FE-30FB03BA42DF}"
EndProject
Project("{2150E333-8FDC-42A3-9474-1A3956D46DE8}") = "03-DM.Infrastructure", "03-DM.Infrastructure", "{6A0FBA88-B2DE-4862-A877-F68CFA078E18}"
EndProject
Project("{9A19103F-16F7-4668-BE54-9A1E7A4F7556}") = "DiscountManagement.Infrastructure.EfCore", "DM.Infrastructure\DiscountManagement.Infrastructure.EfCore.csproj", "{916B0557-EDFE-4BA7-B2D1-7727F064BBAE}"
EndProject
Project("{9A19103F-16F7-4668-BE54-9A1E7A4F7556}") = "DiscountManagement.Infrastructure.Coniguration", "DiscountManagement.Infrastructure.Coniguration\DiscountManagement.Infrastructure.Coniguration.csproj", "{6BA8FABE-08B6-4ECF-8728-07C570B1F59D}"
EndProject
Project("{2150E333-8FDC-42A3-9474-1A3956D46DE8}") = "InventoryManagement", "InventoryManagement", "{DAD26070-BD46-45BD-86C3-1E4BF64D041A}"
EndProject
Project("{2150E333-8FDC-42A3-9474-1A3956D46DE8}") = "0-IM.Domain", "0-IM.Domain", "{A273A609-E59A-470B-8EC2-7B11B017DE66}"
EndProject
Project("{9A19103F-16F7-4668-BE54-9A1E7A4F7556}") = "IM.Domain", "IM.Domain\IM.Domain.csproj", "{CED43C03-B287-4397-BD04-687802812FC4}"
EndProject
Project("{2150E333-8FDC-42A3-9474-1A3956D46DE8}") = "1-IM.Application", "1-IM.Application", "{1BDD7E71-563E-4F24-9CD8-75CCC2EEA50B}"
EndProject
Project("{FAE04EC0-301F-11D3-BF4B-00C04F79EFBC}") = "InventoryManagement.Application.Contract", "IM.Application.Contract\InventoryManagement.Application.Contract.csproj", "{A624B2B9-D312-443D-8704-10CBBDEF8C61}"
EndProject
Project("{FAE04EC0-301F-11D3-BF4B-00C04F79EFBC}") = "InventoryManagement.Application", "IM.Application\InventoryManagement.Application.csproj", "{DE69E779-B3EF-4736-A20E-6AA121D88C9D}"
EndProject
Project("{2150E333-8FDC-42A3-9474-1A3956D46DE8}") = "2-IM.Infrastructure", "2-IM.Infrastructure", "{4BCE3E1B-5063-4CD5-BA0C-D539BC88CE18}"
EndProject
Global
	GlobalSection(SolutionConfigurationPlatforms) = preSolution
		Debug|Any CPU = Debug|Any CPU
		Release|Any CPU = Release|Any CPU
	EndGlobalSection
	GlobalSection(ProjectConfigurationPlatforms) = postSolution
		{A0749999-7B4B-4613-B222-93DD209E6A38}.Debug|Any CPU.ActiveCfg = Debug|Any CPU
		{A0749999-7B4B-4613-B222-93DD209E6A38}.Debug|Any CPU.Build.0 = Debug|Any CPU
		{A0749999-7B4B-4613-B222-93DD209E6A38}.Release|Any CPU.ActiveCfg = Release|Any CPU
		{A0749999-7B4B-4613-B222-93DD209E6A38}.Release|Any CPU.Build.0 = Release|Any CPU
		{B3CEAAEE-5669-46F2-9090-8480ADB1E9CA}.Debug|Any CPU.ActiveCfg = Debug|Any CPU
		{B3CEAAEE-5669-46F2-9090-8480ADB1E9CA}.Debug|Any CPU.Build.0 = Debug|Any CPU
		{B3CEAAEE-5669-46F2-9090-8480ADB1E9CA}.Release|Any CPU.ActiveCfg = Release|Any CPU
		{B3CEAAEE-5669-46F2-9090-8480ADB1E9CA}.Release|Any CPU.Build.0 = Release|Any CPU
		{B3179CA7-6A9A-45B2-889A-CAA07EBF6C94}.Debug|Any CPU.ActiveCfg = Debug|Any CPU
		{B3179CA7-6A9A-45B2-889A-CAA07EBF6C94}.Debug|Any CPU.Build.0 = Debug|Any CPU
		{B3179CA7-6A9A-45B2-889A-CAA07EBF6C94}.Release|Any CPU.ActiveCfg = Release|Any CPU
		{B3179CA7-6A9A-45B2-889A-CAA07EBF6C94}.Release|Any CPU.Build.0 = Release|Any CPU
		{31DEC29F-01D3-4A5E-84AB-1C759BAE4974}.Debug|Any CPU.ActiveCfg = Debug|Any CPU
		{31DEC29F-01D3-4A5E-84AB-1C759BAE4974}.Debug|Any CPU.Build.0 = Debug|Any CPU
		{31DEC29F-01D3-4A5E-84AB-1C759BAE4974}.Release|Any CPU.ActiveCfg = Release|Any CPU
		{31DEC29F-01D3-4A5E-84AB-1C759BAE4974}.Release|Any CPU.Build.0 = Release|Any CPU
		{C1147793-D26F-4CB3-9AB6-BA2435FE5003}.Debug|Any CPU.ActiveCfg = Debug|Any CPU
		{C1147793-D26F-4CB3-9AB6-BA2435FE5003}.Debug|Any CPU.Build.0 = Debug|Any CPU
		{C1147793-D26F-4CB3-9AB6-BA2435FE5003}.Release|Any CPU.ActiveCfg = Release|Any CPU
		{C1147793-D26F-4CB3-9AB6-BA2435FE5003}.Release|Any CPU.Build.0 = Release|Any CPU
		{021FB9F0-9926-4026-942B-77556680114A}.Debug|Any CPU.ActiveCfg = Debug|Any CPU
		{021FB9F0-9926-4026-942B-77556680114A}.Debug|Any CPU.Build.0 = Debug|Any CPU
		{021FB9F0-9926-4026-942B-77556680114A}.Release|Any CPU.ActiveCfg = Release|Any CPU
		{021FB9F0-9926-4026-942B-77556680114A}.Release|Any CPU.Build.0 = Release|Any CPU
		{34F0A2FC-00F4-4EF0-BBA9-BB6DCA347B0A}.Debug|Any CPU.ActiveCfg = Debug|Any CPU
		{34F0A2FC-00F4-4EF0-BBA9-BB6DCA347B0A}.Debug|Any CPU.Build.0 = Debug|Any CPU
		{34F0A2FC-00F4-4EF0-BBA9-BB6DCA347B0A}.Release|Any CPU.ActiveCfg = Release|Any CPU
		{34F0A2FC-00F4-4EF0-BBA9-BB6DCA347B0A}.Release|Any CPU.Build.0 = Release|Any CPU
		{E7353193-7E15-4778-9FF0-15E39C324E32}.Debug|Any CPU.ActiveCfg = Debug|Any CPU
		{E7353193-7E15-4778-9FF0-15E39C324E32}.Debug|Any CPU.Build.0 = Debug|Any CPU
		{E7353193-7E15-4778-9FF0-15E39C324E32}.Release|Any CPU.ActiveCfg = Release|Any CPU
		{E7353193-7E15-4778-9FF0-15E39C324E32}.Release|Any CPU.Build.0 = Release|Any CPU
		{AB07F576-7D73-49A3-A001-75E835B7189A}.Debug|Any CPU.ActiveCfg = Debug|Any CPU
		{AB07F576-7D73-49A3-A001-75E835B7189A}.Debug|Any CPU.Build.0 = Debug|Any CPU
		{AB07F576-7D73-49A3-A001-75E835B7189A}.Release|Any CPU.ActiveCfg = Release|Any CPU
		{AB07F576-7D73-49A3-A001-75E835B7189A}.Release|Any CPU.Build.0 = Release|Any CPU
		{0DC9D1FA-202D-4B6D-A1FE-30FB03BA42DF}.Debug|Any CPU.ActiveCfg = Debug|Any CPU
		{0DC9D1FA-202D-4B6D-A1FE-30FB03BA42DF}.Debug|Any CPU.Build.0 = Debug|Any CPU
		{0DC9D1FA-202D-4B6D-A1FE-30FB03BA42DF}.Release|Any CPU.ActiveCfg = Release|Any CPU
		{0DC9D1FA-202D-4B6D-A1FE-30FB03BA42DF}.Release|Any CPU.Build.0 = Release|Any CPU
		{916B0557-EDFE-4BA7-B2D1-7727F064BBAE}.Debug|Any CPU.ActiveCfg = Debug|Any CPU
		{916B0557-EDFE-4BA7-B2D1-7727F064BBAE}.Debug|Any CPU.Build.0 = Debug|Any CPU
		{916B0557-EDFE-4BA7-B2D1-7727F064BBAE}.Release|Any CPU.ActiveCfg = Release|Any CPU
		{916B0557-EDFE-4BA7-B2D1-7727F064BBAE}.Release|Any CPU.Build.0 = Release|Any CPU
		{6BA8FABE-08B6-4ECF-8728-07C570B1F59D}.Debug|Any CPU.ActiveCfg = Debug|Any CPU
		{6BA8FABE-08B6-4ECF-8728-07C570B1F59D}.Debug|Any CPU.Build.0 = Debug|Any CPU
		{6BA8FABE-08B6-4ECF-8728-07C570B1F59D}.Release|Any CPU.ActiveCfg = Release|Any CPU
		{6BA8FABE-08B6-4ECF-8728-07C570B1F59D}.Release|Any CPU.Build.0 = Release|Any CPU
		{CED43C03-B287-4397-BD04-687802812FC4}.Debug|Any CPU.ActiveCfg = Debug|Any CPU
		{CED43C03-B287-4397-BD04-687802812FC4}.Debug|Any CPU.Build.0 = Debug|Any CPU
		{CED43C03-B287-4397-BD04-687802812FC4}.Release|Any CPU.ActiveCfg = Release|Any CPU
		{CED43C03-B287-4397-BD04-687802812FC4}.Release|Any CPU.Build.0 = Release|Any CPU
		{A624B2B9-D312-443D-8704-10CBBDEF8C61}.Debug|Any CPU.ActiveCfg = Debug|Any CPU
		{A624B2B9-D312-443D-8704-10CBBDEF8C61}.Debug|Any CPU.Build.0 = Debug|Any CPU
		{A624B2B9-D312-443D-8704-10CBBDEF8C61}.Release|Any CPU.ActiveCfg = Release|Any CPU
		{A624B2B9-D312-443D-8704-10CBBDEF8C61}.Release|Any CPU.Build.0 = Release|Any CPU
		{DE69E779-B3EF-4736-A20E-6AA121D88C9D}.Debug|Any CPU.ActiveCfg = Debug|Any CPU
		{DE69E779-B3EF-4736-A20E-6AA121D88C9D}.Debug|Any CPU.Build.0 = Debug|Any CPU
		{DE69E779-B3EF-4736-A20E-6AA121D88C9D}.Release|Any CPU.ActiveCfg = Release|Any CPU
		{DE69E779-B3EF-4736-A20E-6AA121D88C9D}.Release|Any CPU.Build.0 = Release|Any CPU
	EndGlobalSection
	GlobalSection(SolutionProperties) = preSolution
		HideSolutionNode = FALSE
	EndGlobalSection
	GlobalSection(NestedProjects) = preSolution
		{3915B656-CCD2-49EF-8E6E-A82F9A77D71D} = {7AD51D27-557F-4C50-8991-4CD5FDF9BEC9}
		{A0749999-7B4B-4613-B222-93DD209E6A38} = {3915B656-CCD2-49EF-8E6E-A82F9A77D71D}
		{0AAEB1EF-04ED-4E35-A311-B35AD592884E} = {7AD51D27-557F-4C50-8991-4CD5FDF9BEC9}
		{B3179CA7-6A9A-45B2-889A-CAA07EBF6C94} = {0AAEB1EF-04ED-4E35-A311-B35AD592884E}
		{31DEC29F-01D3-4A5E-84AB-1C759BAE4974} = {0AAEB1EF-04ED-4E35-A311-B35AD592884E}
		{D3CFB944-CA3F-41FE-9494-D161B3EB690B} = {7AD51D27-557F-4C50-8991-4CD5FDF9BEC9}
		{C1147793-D26F-4CB3-9AB6-BA2435FE5003} = {D3CFB944-CA3F-41FE-9494-D161B3EB690B}
		{01CE9F2F-F81F-4EF3-A5B5-69887163673C} = {7AD51D27-557F-4C50-8991-4CD5FDF9BEC9}
		{021FB9F0-9926-4026-942B-77556680114A} = {01CE9F2F-F81F-4EF3-A5B5-69887163673C}
		{A8467F50-2DD3-4371-935F-2EB1164C8202} = {1189FE78-0E8A-4453-8FCF-BBD4BBA48563}
		{E7353193-7E15-4778-9FF0-15E39C324E32} = {A8467F50-2DD3-4371-935F-2EB1164C8202}
		{12BC96C1-DC02-4CC6-A416-FE8981499920} = {1189FE78-0E8A-4453-8FCF-BBD4BBA48563}
		{AB07F576-7D73-49A3-A001-75E835B7189A} = {12BC96C1-DC02-4CC6-A416-FE8981499920}
		{0DC9D1FA-202D-4B6D-A1FE-30FB03BA42DF} = {12BC96C1-DC02-4CC6-A416-FE8981499920}
		{6A0FBA88-B2DE-4862-A877-F68CFA078E18} = {1189FE78-0E8A-4453-8FCF-BBD4BBA48563}
		{916B0557-EDFE-4BA7-B2D1-7727F064BBAE} = {6A0FBA88-B2DE-4862-A877-F68CFA078E18}
		{6BA8FABE-08B6-4ECF-8728-07C570B1F59D} = {6A0FBA88-B2DE-4862-A877-F68CFA078E18}
		{A273A609-E59A-470B-8EC2-7B11B017DE66} = {DAD26070-BD46-45BD-86C3-1E4BF64D041A}
		{CED43C03-B287-4397-BD04-687802812FC4} = {A273A609-E59A-470B-8EC2-7B11B017DE66}
		{1BDD7E71-563E-4F24-9CD8-75CCC2EEA50B} = {DAD26070-BD46-45BD-86C3-1E4BF64D041A}
		{A624B2B9-D312-443D-8704-10CBBDEF8C61} = {1BDD7E71-563E-4F24-9CD8-75CCC2EEA50B}
		{DE69E779-B3EF-4736-A20E-6AA121D88C9D} = {1BDD7E71-563E-4F24-9CD8-75CCC2EEA50B}
		{4BCE3E1B-5063-4CD5-BA0C-D539BC88CE18} = {DAD26070-BD46-45BD-86C3-1E4BF64D041A}
	EndGlobalSection
	GlobalSection(ExtensibilityGlobals) = postSolution
		SolutionGuid = {83A8347A-2A2A-4B06-9F22-B77EACFDA355}
	EndGlobalSection
EndGlobal
